github.com/alrusov/bufpool v0.1.0 h1:rHjiYY6K/KDJtJif87BXAIMe18TsQgligq0b8xHL19E=
github.com/alrusov/bufpool v0.1.0/go.mod h1:WQGPTsMZFX0fE9s+PLloqXgXMjgg6WICjTvqp9aWpNU=
github.com/alrusov/config v0.1.0 h1:vfDPf4NoyEqOfaumBVaxYJxm8FyvGgC9rXP5HZtE6i8=
github.com/alrusov/config v0.1.0/go.mod h1:6i28RCqoxtEjeQ0BxYPGqSPJMEZAUthOvliu1qSY52A=
github.com/alrusov/launcher v0.1.0 h1:Y3SfL28R5ZrqMEaCY0yM9pq4BfM5tR3X1ewXhR0S7uU=
github.com/alrusov/launcher v0.1.0/go.mod h1:iLpBbb19nKQAF43ymPmAq91ZsmBfxz8PPU3tAaDN3Og=
github.com/alrusov/loadavg v0.1.0 h1:xjU30OtVjICeGfljn++i2GSpFlQnAqzo+3tvsQB3344=
github.com/alrusov/loadavg v0.1.0/go.mod h1:PN7KMUy2NVLZTaSM/HcccPRaf0WW+MVMy7ZfaT4ga9s=
github.com/alrusov/log v0.1.0 h1:Bq2DX9xeV97NMXkVYNwaGFyxxgGKUIer8pjXCq+U5Lw=
github.com/alrusov/log v0.1.0/go.mod h1:Lx0gdn4LUdy8c/NKSM6g9gPm8WK+CDnIMxqjoeOamYw=
github.com/alrusov/misc v0.1.0 h1:WgyiCojt6bdiuNXMLoL16l5xVDhL3yPTJuItsOLVRg4=
github.com/alrusov/misc v0.1.0/go.mod h1:IN1ACWOqkBR4fnQEZ5I6wknwOllfPsfxkR2x05kDDnk=
github.com/alrusov/panic v0.1.0 h1:w0DdHsv0Gy33g5c0Zm4T9yAS04FO2sH3xJ2KiiaQqgY=
github.com/alrusov/panic v0.1.0/go.mod h1:C+bVt+gMO9aYQi0sd44KCoSPBADylwTQWTIGBwWyVhY=
github.com/alrusov/stdhttp v0.1.0 h1:c7/WTDLgz4+j9Av8US3uOVyAV21JqSplZ868IqwoJQs=
github.com/alrusov/stdhttp v0.1.0/go.mod h1:C6o7IAaQMeQfEdJCmvnhgV8EspeZu2p86Bni901q8ck=
github.com/alrusov/winservice v0.1.0 h1:jSKHpQ0sLeezonWgI/Ok8QkIYYptjjXLJiYbn1geh7E=
github.com/alrusov/winservice v0.1.0/go.mod h1:fs94CaaQctw824ZsktSN5l+xKr9uBQ8uFqsg4MDNRQU=
github.com/kardianos/service v1.0.0 h1:HgQS3mFfOlyntWX8Oke98JcJLqt1DBcHR4kxShpYef0=
github.com/kardianos/service v1.0.0/go.mod h1:8CzDhVuCuugtsHyZoTvsOBuvonN/UDBvl0kH+BUxvbo=
github.com/kylelemons/godebug v1.1.0 h1:RPNrshWIDI6G2gRW9EHilWtl7Z6Sb1BR0xunSBf0SNc=
github.com/kylelemons/godebug v1.1.0/go.mod h1:9/0rRGxNHcop5bhtWyNeEfOS8JIWk580+fNqagV/RAw=
github.com/naoina/go-stringutil v0.1.0 h1:rCUeRUHjBjGTSHl0VC00jUPLz8/F9dDzYI70Hzifhks=
github.com/naoina/go-stringutil v0.1.0/go.mod h1:XJ2SJL9jCtBh+P9q5btrd/Ylo8XwT/h1USek5+NqSA0=
github.com/naoina/toml v0.1.1 h1:PT/lllxVVN0gzzSqSlHEmP8MJB4MY2U7STGxiouV4X8=
github.com/naoina/toml v0.1.1/go.mod h1:NBIhNtsFMo3G2szEBne+bO4gS192HuIYRqfvOWb4i1E=
golang.org/x/sys v0.0.0-20190204203706-41f3e6584952 h1:FDfvYgoVsA7TTZSbgiqjAbfPbK47CNHdWl3h/PJtii0=
golang.org/x/sys v0.0.0-20190204203706-41f3e6584952/go.mod h1:STP8DvDyc/dI5b8T5hshtkjS+E42TnysNCUPdjciGhY=
