github.com/alrusov/bufpool v0.1.2 h1:+pyhEHHBRflJqOW1vS8hrVDGxR49bLCAunik37t0S04=
github.com/alrusov/bufpool v0.1.2/go.mod h1:WQGPTsMZFX0fE9s+PLloqXgXMjgg6WICjTvqp9aWpNU=
github.com/alrusov/config v0.1.9 h1:gO1g6coP88X6ug3rdDi4FG/xmlrBYO06jkoUHerczYc=
github.com/alrusov/config v0.1.9/go.mod h1:H61w1ygkmQH2ql2o6e36AjHg0JtM3HSAwOdMg4ip2VA=
github.com/alrusov/launcher v0.1.20 h1:Rnb16iZ/G0KmDlt6aOHdzptpUpptj+w/C6GxYv0r9TE=
github.com/alrusov/launcher v0.1.20/go.mod h1:vXz0RK5IAL2L3CqaYlLeF9sPw2Wk1D3MOflZTZXBLYA=
github.com/alrusov/loadavg v0.1.0 h1:xjU30OtVjICeGfljn++i2GSpFlQnAqzo+3tvsQB3344=
github.com/alrusov/loadavg v0.1.0/go.mod h1:PN7KMUy2NVLZTaSM/HcccPRaf0WW+MVMy7ZfaT4ga9s=
github.com/alrusov/log v0.1.13 h1:SuARdH9gzIQaEBLN27By0PmXREP3bZ2YDKh5xhgC6U0=
github.com/alrusov/log v0.1.13/go.mod h1:fvynga5Q1tKyJXWq34bU/doeYUgW95ZH2+r8Jyzubc4=
github.com/alrusov/misc v0.1.13 h1:uasP4ulM1v9/HRsq1W0aZtI0N80LL5HKSzIjwLyLhxE=
github.com/alrusov/misc v0.1.13/go.mod h1:F7PSy8shbhYX72CsRpUFBmVyc8Huj0SqGgGKKy+hFn4=
github.com/alrusov/panic v0.1.5 h1:0GXRisZXYsIpiyVlq6mNAPhkQroHbhC+PqzyWBvTFOI=
github.com/alrusov/panic v0.1.5/go.mod h1:ywn7KlmifsJYQulOUJSaIvccMj/u9pAmI7d86EVrWwk=
github.com/alrusov/stdhttp v0.1.20 h1:mz8axRhUZuv14EX3KhRNlz9UWnhuQwmSVODAL7XwU+4=
github.com/alrusov/stdhttp v0.1.20/go.mod h1:Z3jxN9Aq/vAwFLPlf5ovvwbF38o995JzIiHZhVvBETc=
github.com/alrusov/winservice v0.1.5 h1:FKjvOCBbw43iTKhlnQ2ZaeK8Bt/M+bvlbQpGVxmXShE=
github.com/alrusov/winservice v0.1.5/go.mod h1:2J+JFPuoqhWINb4noXduGfZeiHgZlLx6bnN4qw9ZE90=
github.com/kardianos/service v1.0.0 h1:HgQS3mFfOlyntWX8Oke98JcJLqt1DBcHR4kxShpYef0=
github.com/kardianos/service v1.0.0/go.mod h1:8CzDhVuCuugtsHyZoTvsOBuvonN/UDBvl0kH+BUxvbo=
github.com/naoina/go-stringutil v0.1.0 h1:rCUeRUHjBjGTSHl0VC00jUPLz8/F9dDzYI70Hzifhks=
github.com/naoina/go-stringutil v0.1.0/go.mod h1:XJ2SJL9jCtBh+P9q5btrd/Ylo8XwT/h1USek5+NqSA0=
github.com/naoina/toml v0.1.1 h1:PT/lllxVVN0gzzSqSlHEmP8MJB4MY2U7STGxiouV4X8=
github.com/naoina/toml v0.1.1/go.mod h1:NBIhNtsFMo3G2szEBne+bO4gS192HuIYRqfvOWb4i1E=
golang.org/x/sys v0.0.0-20190204203706-41f3e6584952 h1:FDfvYgoVsA7TTZSbgiqjAbfPbK47CNHdWl3h/PJtii0=
golang.org/x/sys v0.0.0-20190204203706-41f3e6584952/go.mod h1:STP8DvDyc/dI5b8T5hshtkjS+E42TnysNCUPdjciGhY=
