github.com/alrusov/bufpool v0.1.0 h1:rHjiYY6K/KDJtJif87BXAIMe18TsQgligq0b8xHL19E=
github.com/alrusov/bufpool v0.1.0/go.mod h1:WQGPTsMZFX0fE9s+PLloqXgXMjgg6WICjTvqp9aWpNU=
github.com/alrusov/config v0.1.0/go.mod h1:6i28RCqoxtEjeQ0BxYPGqSPJMEZAUthOvliu1qSY52A=
github.com/alrusov/config v0.1.1 h1:q6wddI5r7GKOj+Nd+cQM0OL4drwEE1j3APtunI88ggY=
github.com/alrusov/config v0.1.1/go.mod h1:jtf99ZoElQZvO4nMWl4za7NZdNhKyCwpfZoR9mplM/g=
github.com/alrusov/launcher v0.1.1 h1:CYBNWf34tCR/ruDq7l02fEp3DVicrP/lICPpwpNCSoU=
github.com/alrusov/launcher v0.1.1/go.mod h1:g17zyXhc7FqvM0iaR6V8F+y+kXFnREhMtrQwvHVJ5Qs=
github.com/alrusov/loadavg v0.1.0 h1:xjU30OtVjICeGfljn++i2GSpFlQnAqzo+3tvsQB3344=
github.com/alrusov/loadavg v0.1.0/go.mod h1:PN7KMUy2NVLZTaSM/HcccPRaf0WW+MVMy7ZfaT4ga9s=
github.com/alrusov/log v0.1.0/go.mod h1:Lx0gdn4LUdy8c/NKSM6g9gPm8WK+CDnIMxqjoeOamYw=
github.com/alrusov/log v0.1.1 h1:SPibv6JR3VfkTdpPsX8Ms1KFOE9PwRtyomquJ0Y3L4I=
github.com/alrusov/log v0.1.1/go.mod h1:RD91C8ZltJM1aVMtUv3WQvVjClOIrDypZEcliRHFxsM=
github.com/alrusov/misc v0.1.0/go.mod h1:IN1ACWOqkBR4fnQEZ5I6wknwOllfPsfxkR2x05kDDnk=
github.com/alrusov/misc v0.1.1/go.mod h1:IN1ACWOqkBR4fnQEZ5I6wknwOllfPsfxkR2x05kDDnk=
github.com/alrusov/misc v0.1.3 h1:ed1E+y0z16huS694Bvp36qJbhdtXOIlQTtlRzoUgQsA=
github.com/alrusov/misc v0.1.3/go.mod h1:IN1ACWOqkBR4fnQEZ5I6wknwOllfPsfxkR2x05kDDnk=
github.com/alrusov/panic v0.1.0 h1:w0DdHsv0Gy33g5c0Zm4T9yAS04FO2sH3xJ2KiiaQqgY=
github.com/alrusov/panic v0.1.0/go.mod h1:C+bVt+gMO9aYQi0sd44KCoSPBADylwTQWTIGBwWyVhY=
github.com/alrusov/stdhttp v0.1.0/go.mod h1:C6o7IAaQMeQfEdJCmvnhgV8EspeZu2p86Bni901q8ck=
github.com/alrusov/stdhttp v0.1.1 h1:GigTKB7eCfiZDEcQu1tlsrkwFUOfF7b7d4NKgWplWT0=
github.com/alrusov/stdhttp v0.1.1/go.mod h1:YrQWxHiwaMw4kczAjWpB+iK7zjylc9wmOyCwj7mG60c=
github.com/alrusov/winservice v0.1.0 h1:jSKHpQ0sLeezonWgI/Ok8QkIYYptjjXLJiYbn1geh7E=
github.com/alrusov/winservice v0.1.0/go.mod h1:fs94CaaQctw824ZsktSN5l+xKr9uBQ8uFqsg4MDNRQU=
github.com/kardianos/service v1.0.0 h1:HgQS3mFfOlyntWX8Oke98JcJLqt1DBcHR4kxShpYef0=
github.com/kardianos/service v1.0.0/go.mod h1:8CzDhVuCuugtsHyZoTvsOBuvonN/UDBvl0kH+BUxvbo=
github.com/kylelemons/godebug v1.1.0 h1:RPNrshWIDI6G2gRW9EHilWtl7Z6Sb1BR0xunSBf0SNc=
github.com/kylelemons/godebug v1.1.0/go.mod h1:9/0rRGxNHcop5bhtWyNeEfOS8JIWk580+fNqagV/RAw=
github.com/naoina/go-stringutil v0.1.0 h1:rCUeRUHjBjGTSHl0VC00jUPLz8/F9dDzYI70Hzifhks=
github.com/naoina/go-stringutil v0.1.0/go.mod h1:XJ2SJL9jCtBh+P9q5btrd/Ylo8XwT/h1USek5+NqSA0=
github.com/naoina/toml v0.1.1 h1:PT/lllxVVN0gzzSqSlHEmP8MJB4MY2U7STGxiouV4X8=
github.com/naoina/toml v0.1.1/go.mod h1:NBIhNtsFMo3G2szEBne+bO4gS192HuIYRqfvOWb4i1E=
golang.org/x/sys v0.0.0-20190204203706-41f3e6584952 h1:FDfvYgoVsA7TTZSbgiqjAbfPbK47CNHdWl3h/PJtii0=
golang.org/x/sys v0.0.0-20190204203706-41f3e6584952/go.mod h1:STP8DvDyc/dI5b8T5hshtkjS+E42TnysNCUPdjciGhY=
